// !$*UTF8*$!
{
	archiveVersion = 1;
	classes = {
	};
	objectVersion = 56;
	objects = {

/* Begin PBXBuildFile section */
		FA04D4582944FF9E00147605 /* SceneDelegate.swift in Sources */ = {isa = PBXBuildFile; fileRef = FA04D4572944FF9E00147605 /* SceneDelegate.swift */; };
		FA04D45C2945A2A400147605 /* AppDelegate.swift in Sources */ = {isa = PBXBuildFile; fileRef = FA04D45B2945A2A400147605 /* AppDelegate.swift */; };
		FA04D4E02945ED1000147605 /* SferaListView.swift in Sources */ = {isa = PBXBuildFile; fileRef = FA04D4DF2945ED1000147605 /* SferaListView.swift */; };
		FA04D4E22945ED2700147605 /* SferaListInteractor.swift in Sources */ = {isa = PBXBuildFile; fileRef = FA04D4E12945ED2700147605 /* SferaListInteractor.swift */; };
		FA04D4E42945ED3C00147605 /* SferaListPresenter.swift in Sources */ = {isa = PBXBuildFile; fileRef = FA04D4E32945ED3C00147605 /* SferaListPresenter.swift */; };
		FA04D4E62945ED5000147605 /* SferaListEntity.swift in Sources */ = {isa = PBXBuildFile; fileRef = FA04D4E52945ED5000147605 /* SferaListEntity.swift */; };
		FA04D4E82945ED6400147605 /* SferaListRouter.swift in Sources */ = {isa = PBXBuildFile; fileRef = FA04D4E72945ED6400147605 /* SferaListRouter.swift */; };
		FA04D4ED2945EE8D00147605 /* SferfFavoriteView.swift in Sources */ = {isa = PBXBuildFile; fileRef = FA04D4EC2945EE8D00147605 /* SferfFavoriteView.swift */; };
		FA04D4EF2945EEC900147605 /* SferaFavoriteInteracror.swift in Sources */ = {isa = PBXBuildFile; fileRef = FA04D4EE2945EEC900147605 /* SferaFavoriteInteracror.swift */; };
		FA04D4F12945EEDE00147605 /* SferaFavoritePresenter.swift in Sources */ = {isa = PBXBuildFile; fileRef = FA04D4F02945EEDE00147605 /* SferaFavoritePresenter.swift */; };
		FA04D4F32945EEF500147605 /* SferaFavoriteEntity.swift in Sources */ = {isa = PBXBuildFile; fileRef = FA04D4F22945EEF500147605 /* SferaFavoriteEntity.swift */; };
		FA04D4F52945EF0E00147605 /* SferaFavoriteRouter.swift in Sources */ = {isa = PBXBuildFile; fileRef = FA04D4F42945EF0E00147605 /* SferaFavoriteRouter.swift */; };
		FA04D4FA2945EF5300147605 /* SferaDetailView.swift in Sources */ = {isa = PBXBuildFile; fileRef = FA04D4F92945EF5300147605 /* SferaDetailView.swift */; };
		FA04D4FC2945EF5D00147605 /* SferaDetailInteractor.swift in Sources */ = {isa = PBXBuildFile; fileRef = FA04D4FB2945EF5D00147605 /* SferaDetailInteractor.swift */; };
		FA04D4FE2945EF6400147605 /* SferaDetailPresenter.swift in Sources */ = {isa = PBXBuildFile; fileRef = FA04D4FD2945EF6400147605 /* SferaDetailPresenter.swift */; };
		FA04D5002945EF6A00147605 /* SferaDetailEntity.swift in Sources */ = {isa = PBXBuildFile; fileRef = FA04D4FF2945EF6A00147605 /* SferaDetailEntity.swift */; };
		FA04D5022945EF7200147605 /* SferaDetailRouter.swift in Sources */ = {isa = PBXBuildFile; fileRef = FA04D5012945EF7200147605 /* SferaDetailRouter.swift */; };
		FA04D5052945EFEB00147605 /* TabBar.swift in Sources */ = {isa = PBXBuildFile; fileRef = FA04D5042945EFEB00147605 /* TabBar.swift */; };
		FA04D5072945EFF900147605 /* UIImageViewExtension.swift in Sources */ = {isa = PBXBuildFile; fileRef = FA04D5062945EFF900147605 /* UIImageViewExtension.swift */; };
		FAEB6E5429348A6300E75078 /* Assets.xcassets in Resources */ = {isa = PBXBuildFile; fileRef = FAEB6E5329348A6300E75078 /* Assets.xcassets */; };
		FAEB6E5729348A6300E75078 /* LaunchScreen.storyboard in Resources */ = {isa = PBXBuildFile; fileRef = FAEB6E5529348A6300E75078 /* LaunchScreen.storyboard */; };
		FAEB6E6C2934AC1D00E75078 /* WebService.swift in Sources */ = {isa = PBXBuildFile; fileRef = FAEB6E6B2934AC1D00E75078 /* WebService.swift */; };
/* End PBXBuildFile section */

/* Begin PBXFileReference section */
		FA04D4572944FF9E00147605 /* SceneDelegate.swift */ = {isa = PBXFileReference; lastKnownFileType = sourcecode.swift; path = SceneDelegate.swift; sourceTree = "<group>"; };
		FA04D45B2945A2A400147605 /* AppDelegate.swift */ = {isa = PBXFileReference; lastKnownFileType = sourcecode.swift; path = AppDelegate.swift; sourceTree = "<group>"; };
		FA04D4DF2945ED1000147605 /* SferaListView.swift */ = {isa = PBXFileReference; lastKnownFileType = sourcecode.swift; path = SferaListView.swift; sourceTree = "<group>"; };
		FA04D4E12945ED2700147605 /* SferaListInteractor.swift */ = {isa = PBXFileReference; lastKnownFileType = sourcecode.swift; path = SferaListInteractor.swift; sourceTree = "<group>"; };
		FA04D4E32945ED3C00147605 /* SferaListPresenter.swift */ = {isa = PBXFileReference; lastKnownFileType = sourcecode.swift; path = SferaListPresenter.swift; sourceTree = "<group>"; };
		FA04D4E52945ED5000147605 /* SferaListEntity.swift */ = {isa = PBXFileReference; lastKnownFileType = sourcecode.swift; path = SferaListEntity.swift; sourceTree = "<group>"; };
		FA04D4E72945ED6400147605 /* SferaListRouter.swift */ = {isa = PBXFileReference; lastKnownFileType = sourcecode.swift; path = SferaListRouter.swift; sourceTree = "<group>"; };
		FA04D4EC2945EE8D00147605 /* SferfFavoriteView.swift */ = {isa = PBXFileReference; lastKnownFileType = sourcecode.swift; path = SferfFavoriteView.swift; sourceTree = "<group>"; };
		FA04D4EE2945EEC900147605 /* SferaFavoriteInteracror.swift */ = {isa = PBXFileReference; lastKnownFileType = sourcecode.swift; path = SferaFavoriteInteracror.swift; sourceTree = "<group>"; };
		FA04D4F02945EEDE00147605 /* SferaFavoritePresenter.swift */ = {isa = PBXFileReference; lastKnownFileType = sourcecode.swift; path = SferaFavoritePresenter.swift; sourceTree = "<group>"; };
		FA04D4F22945EEF500147605 /* SferaFavoriteEntity.swift */ = {isa = PBXFileReference; lastKnownFileType = sourcecode.swift; path = SferaFavoriteEntity.swift; sourceTree = "<group>"; };
		FA04D4F42945EF0E00147605 /* SferaFavoriteRouter.swift */ = {isa = PBXFileReference; lastKnownFileType = sourcecode.swift; path = SferaFavoriteRouter.swift; sourceTree = "<group>"; };
		FA04D4F92945EF5300147605 /* SferaDetailView.swift */ = {isa = PBXFileReference; lastKnownFileType = sourcecode.swift; path = SferaDetailView.swift; sourceTree = "<group>"; };
		FA04D4FB2945EF5D00147605 /* SferaDetailInteractor.swift */ = {isa = PBXFileReference; lastKnownFileType = sourcecode.swift; path = SferaDetailInteractor.swift; sourceTree = "<group>"; };
		FA04D4FD2945EF6400147605 /* SferaDetailPresenter.swift */ = {isa = PBXFileReference; lastKnownFileType = sourcecode.swift; path = SferaDetailPresenter.swift; sourceTree = "<group>"; };
		FA04D4FF2945EF6A00147605 /* SferaDetailEntity.swift */ = {isa = PBXFileReference; lastKnownFileType = sourcecode.swift; path = SferaDetailEntity.swift; sourceTree = "<group>"; };
		FA04D5012945EF7200147605 /* SferaDetailRouter.swift */ = {isa = PBXFileReference; lastKnownFileType = sourcecode.swift; path = SferaDetailRouter.swift; sourceTree = "<group>"; };
		FA04D5042945EFEB00147605 /* TabBar.swift */ = {isa = PBXFileReference; lastKnownFileType = sourcecode.swift; path = TabBar.swift; sourceTree = "<group>"; };
		FA04D5062945EFF900147605 /* UIImageViewExtension.swift */ = {isa = PBXFileReference; lastKnownFileType = sourcecode.swift; path = UIImageViewExtension.swift; sourceTree = "<group>"; };
		FAEB6E4729348A6100E75078 /* ViperSfera.app */ = {isa = PBXFileReference; explicitFileType = wrapper.application; includeInIndex = 0; path = ViperSfera.app; sourceTree = BUILT_PRODUCTS_DIR; };
		FAEB6E5329348A6300E75078 /* Assets.xcassets */ = {isa = PBXFileReference; lastKnownFileType = folder.assetcatalog; path = Assets.xcassets; sourceTree = "<group>"; };
		FAEB6E5629348A6300E75078 /* Base */ = {isa = PBXFileReference; lastKnownFileType = file.storyboard; name = Base; path = Base.lproj/LaunchScreen.storyboard; sourceTree = "<group>"; };
		FAEB6E5829348A6300E75078 /* Info.plist */ = {isa = PBXFileReference; lastKnownFileType = text.plist.xml; path = Info.plist; sourceTree = "<group>"; };
		FAEB6E6B2934AC1D00E75078 /* WebService.swift */ = {isa = PBXFileReference; lastKnownFileType = sourcecode.swift; path = WebService.swift; sourceTree = "<group>"; };
/* End PBXFileReference section */

/* Begin PBXFrameworksBuildPhase section */
		FAEB6E4429348A6100E75078 /* Frameworks */ = {
			isa = PBXFrameworksBuildPhase;
			buildActionMask = 2147483647;
			files = (
			);
			runOnlyForDeploymentPostprocessing = 0;
		};
/* End PBXFrameworksBuildPhase section */

/* Begin PBXGroup section */
		FA04D4EA2945EDCF00147605 /* SferaList */ = {
			isa = PBXGroup;
			children = (
				FA04D4DF2945ED1000147605 /* SferaListView.swift */,
				FA04D4E12945ED2700147605 /* SferaListInteractor.swift */,
				FA04D4E32945ED3C00147605 /* SferaListPresenter.swift */,
				FA04D4E52945ED5000147605 /* SferaListEntity.swift */,
				FA04D4E72945ED6400147605 /* SferaListRouter.swift */,
			);
			path = SferaList;
			sourceTree = "<group>";
		};
		FA04D4EB2945EE0E00147605 /* SferaFavorite */ = {
			isa = PBXGroup;
			children = (
				FA04D4EC2945EE8D00147605 /* SferfFavoriteView.swift */,
				FA04D4EE2945EEC900147605 /* SferaFavoriteInteracror.swift */,
				FA04D4F02945EEDE00147605 /* SferaFavoritePresenter.swift */,
				FA04D4F22945EEF500147605 /* SferaFavoriteEntity.swift */,
				FA04D4F42945EF0E00147605 /* SferaFavoriteRouter.swift */,
			);
			path = SferaFavorite;
			sourceTree = "<group>";
		};
		FA04D4F62945EF2100147605 /* SferaDetail */ = {
			isa = PBXGroup;
			children = (
				FA04D4F92945EF5300147605 /* SferaDetailView.swift */,
				FA04D4FB2945EF5D00147605 /* SferaDetailInteractor.swift */,
				FA04D4FD2945EF6400147605 /* SferaDetailPresenter.swift */,
				FA04D4FF2945EF6A00147605 /* SferaDetailEntity.swift */,
				FA04D5012945EF7200147605 /* SferaDetailRouter.swift */,
			);
			path = SferaDetail;
			sourceTree = "<group>";
		};
		FA04D5032945EFC800147605 /* Extentions */ = {
			isa = PBXGroup;
			children = (
				FA04D5042945EFEB00147605 /* TabBar.swift */,
				FA04D5062945EFF900147605 /* UIImageViewExtension.swift */,
			);
			path = Extentions;
			sourceTree = "<group>";
		};
		FAEB6E3E29348A6100E75078 = {
			isa = PBXGroup;
			children = (
				FAEB6E4929348A6100E75078 /* ViperSfera */,
				FAEB6E4829348A6100E75078 /* Products */,
			);
			sourceTree = "<group>";
		};
		FAEB6E4829348A6100E75078 /* Products */ = {
			isa = PBXGroup;
			children = (
				FAEB6E4729348A6100E75078 /* ViperSfera.app */,
			);
			name = Products;
			sourceTree = "<group>";
		};
		FAEB6E4929348A6100E75078 /* ViperSfera */ = {
			isa = PBXGroup;
			children = (
				FAEB6E5E29348A9F00E75078 /* Files */,
				FA04D45B2945A2A400147605 /* AppDelegate.swift */,
				FA04D4572944FF9E00147605 /* SceneDelegate.swift */,
				FA04D4EA2945EDCF00147605 /* SferaList */,
				FA04D4EB2945EE0E00147605 /* SferaFavorite */,
				FA04D4F62945EF2100147605 /* SferaDetail */,
				FA04D5032945EFC800147605 /* Extentions */,
				FAEB6E6A2934ABF300E75078 /* WebService */,
			);
			path = ViperSfera;
			sourceTree = "<group>";
		};
		FAEB6E5E29348A9F00E75078 /* Files */ = {
			isa = PBXGroup;
			children = (
				FAEB6E5329348A6300E75078 /* Assets.xcassets */,
				FAEB6E5529348A6300E75078 /* LaunchScreen.storyboard */,
				FAEB6E5829348A6300E75078 /* Info.plist */,
			);
			name = Files;
			sourceTree = "<group>";
		};
		FAEB6E6A2934ABF300E75078 /* WebService */ = {
			isa = PBXGroup;
			children = (
				FAEB6E6B2934AC1D00E75078 /* WebService.swift */,
			);
			path = WebService;
			sourceTree = "<group>";
		};
/* End PBXGroup section */

/* Begin PBXNativeTarget section */
		FAEB6E4629348A6100E75078 /* ViperSfera */ = {
			isa = PBXNativeTarget;
			buildConfigurationList = FAEB6E5B29348A6300E75078 /* Build configuration list for PBXNativeTarget "ViperSfera" */;
			buildPhases = (
				FAEB6E4329348A6100E75078 /* Sources */,
				FAEB6E4429348A6100E75078 /* Frameworks */,
				FAEB6E4529348A6100E75078 /* Resources */,
			);
			buildRules = (
			);
			dependencies = (
			);
			name = ViperSfera;
			productName = ViperSfera;
			productReference = FAEB6E4729348A6100E75078 /* ViperSfera.app */;
			productType = "com.apple.product-type.application";
		};
/* End PBXNativeTarget section */

/* Begin PBXProject section */
		FAEB6E3F29348A6100E75078 /* Project object */ = {
			isa = PBXProject;
			attributes = {
				BuildIndependentTargetsInParallel = 1;
				LastSwiftUpdateCheck = 1410;
				LastUpgradeCheck = 1410;
				TargetAttributes = {
					FAEB6E4629348A6100E75078 = {
						CreatedOnToolsVersion = 14.1;
					};
				};
			};
			buildConfigurationList = FAEB6E4229348A6100E75078 /* Build configuration list for PBXProject "ViperSfera" */;
			compatibilityVersion = "Xcode 14.0";
			developmentRegion = en;
			hasScannedForEncodings = 0;
			knownRegions = (
				en,
				Base,
			);
			mainGroup = FAEB6E3E29348A6100E75078;
			productRefGroup = FAEB6E4829348A6100E75078 /* Products */;
			projectDirPath = "";
			projectRoot = "";
			targets = (
				FAEB6E4629348A6100E75078 /* ViperSfera */,
			);
		};
/* End PBXProject section */

/* Begin PBXResourcesBuildPhase section */
		FAEB6E4529348A6100E75078 /* Resources */ = {
			isa = PBXResourcesBuildPhase;
			buildActionMask = 2147483647;
			files = (
				FAEB6E5729348A6300E75078 /* LaunchScreen.storyboard in Resources */,
				FAEB6E5429348A6300E75078 /* Assets.xcassets in Resources */,
			);
			runOnlyForDeploymentPostprocessing = 0;
		};
/* End PBXResourcesBuildPhase section */

/* Begin PBXSourcesBuildPhase section */
		FAEB6E4329348A6100E75078 /* Sources */ = {
			isa = PBXSourcesBuildPhase;
			buildActionMask = 2147483647;
			files = (
				FA04D4F12945EEDE00147605 /* SferaFavoritePresenter.swift in Sources */,
				FA04D4EF2945EEC900147605 /* SferaFavoriteInteracror.swift in Sources */,
				FA04D4E62945ED5000147605 /* SferaListEntity.swift in Sources */,
				FA04D5072945EFF900147605 /* UIImageViewExtension.swift in Sources */,
				FA04D4ED2945EE8D00147605 /* SferfFavoriteView.swift in Sources */,
				FA04D5002945EF6A00147605 /* SferaDetailEntity.swift in Sources */,
				FAEB6E6C2934AC1D00E75078 /* WebService.swift in Sources */,
				FA04D45C2945A2A400147605 /* AppDelegate.swift in Sources */,
				FA04D4E42945ED3C00147605 /* SferaListPresenter.swift in Sources */,
				FA04D4E22945ED2700147605 /* SferaListInteractor.swift in Sources */,
				FA04D4FE2945EF6400147605 /* SferaDetailPresenter.swift in Sources */,
				FA04D4E02945ED1000147605 /* SferaListView.swift in Sources */,
				FA04D4FA2945EF5300147605 /* SferaDetailView.swift in Sources */,
				FA04D4E82945ED6400147605 /* SferaListRouter.swift in Sources */,
				FA04D5022945EF7200147605 /* SferaDetailRouter.swift in Sources */,
				FA04D4F52945EF0E00147605 /* SferaFavoriteRouter.swift in Sources */,
				FA04D4F32945EEF500147605 /* SferaFavoriteEntity.swift in Sources */,
				FA04D4FC2945EF5D00147605 /* SferaDetailInteractor.swift in Sources */,
				FA04D5052945EFEB00147605 /* TabBar.swift in Sources */,
				FA04D4582944FF9E00147605 /* SceneDelegate.swift in Sources */,
			);
			runOnlyForDeploymentPostprocessing = 0;
		};
/* End PBXSourcesBuildPhase section */

/* Begin PBXVariantGroup section */
		FAEB6E5529348A6300E75078 /* LaunchScreen.storyboard */ = {
			isa = PBXVariantGroup;
			children = (
				FAEB6E5629348A6300E75078 /* Base */,
			);
			name = LaunchScreen.storyboard;
			sourceTree = "<group>";
		};
/* End PBXVariantGroup section */

/* Begin XCBuildConfiguration section */
		FAEB6E5929348A6300E75078 /* Debug */ = {
			isa = XCBuildConfiguration;
			buildSettings = {
				ALWAYS_SEARCH_USER_PATHS = NO;
				CLANG_ANALYZER_NONNULL = YES;
				CLANG_ANALYZER_NUMBER_OBJECT_CONVERSION = YES_AGGRESSIVE;
				CLANG_CXX_LANGUAGE_STANDARD = "gnu++20";
				CLANG_ENABLE_MODULES = YES;
				CLANG_ENABLE_OBJC_ARC = YES;
				CLANG_ENABLE_OBJC_WEAK = YES;
				CLANG_WARN_BLOCK_CAPTURE_AUTORELEASING = YES;
				CLANG_WARN_BOOL_CONVERSION = YES;
				CLANG_WARN_COMMA = YES;
				CLANG_WARN_CONSTANT_CONVERSION = YES;
				CLANG_WARN_DEPRECATED_OBJC_IMPLEMENTATIONS = YES;
				CLANG_WARN_DIRECT_OBJC_ISA_USAGE = YES_ERROR;
				CLANG_WARN_DOCUMENTATION_COMMENTS = YES;
				CLANG_WARN_EMPTY_BODY = YES;
				CLANG_WARN_ENUM_CONVERSION = YES;
				CLANG_WARN_INFINITE_RECURSION = YES;
				CLANG_WARN_INT_CONVERSION = YES;
				CLANG_WARN_NON_LITERAL_NULL_CONVERSION = YES;
				CLANG_WARN_OBJC_IMPLICIT_RETAIN_SELF = YES;
				CLANG_WARN_OBJC_LITERAL_CONVERSION = YES;
				CLANG_WARN_OBJC_ROOT_CLASS = YES_ERROR;
				CLANG_WARN_QUOTED_INCLUDE_IN_FRAMEWORK_HEADER = YES;
				CLANG_WARN_RANGE_LOOP_ANALYSIS = YES;
				CLANG_WARN_STRICT_PROTOTYPES = YES;
				CLANG_WARN_SUSPICIOUS_MOVE = YES;
				CLANG_WARN_UNGUARDED_AVAILABILITY = YES_AGGRESSIVE;
				CLANG_WARN_UNREACHABLE_CODE = YES;
				CLANG_WARN__DUPLICATE_METHOD_MATCH = YES;
				COPY_PHASE_STRIP = NO;
				DEBUG_INFORMATION_FORMAT = dwarf;
				ENABLE_STRICT_OBJC_MSGSEND = YES;
				ENABLE_TESTABILITY = YES;
				GCC_C_LANGUAGE_STANDARD = gnu11;
				GCC_DYNAMIC_NO_PIC = NO;
				GCC_NO_COMMON_BLOCKS = YES;
				GCC_OPTIMIZATION_LEVEL = 0;
				GCC_PREPROCESSOR_DEFINITIONS = (
					"DEBUG=1",
					"$(inherited)",
				);
				GCC_WARN_64_TO_32_BIT_CONVERSION = YES;
				GCC_WARN_ABOUT_RETURN_TYPE = YES_ERROR;
				GCC_WARN_UNDECLARED_SELECTOR = YES;
				GCC_WARN_UNINITIALIZED_AUTOS = YES_AGGRESSIVE;
				GCC_WARN_UNUSED_FUNCTION = YES;
				GCC_WARN_UNUSED_VARIABLE = YES;
				INFOPLIST_KEY_UIApplicationSceneManifest_Generation = NO;
				IPHONEOS_DEPLOYMENT_TARGET = 16.1;
				MTL_ENABLE_DEBUG_INFO = INCLUDE_SOURCE;
				MTL_FAST_MATH = YES;
				NEW_SETTING = "";
				ONLY_ACTIVE_ARCH = YES;
				SDKROOT = iphoneos;
				SWIFT_ACTIVE_COMPILATION_CONDITIONS = DEBUG;
				SWIFT_OPTIMIZATION_LEVEL = "-Onone";
			};
			name = Debug;
		};
		FAEB6E5A29348A6300E75078 /* Release */ = {
			isa = XCBuildConfiguration;
			buildSettings = {
				ALWAYS_SEARCH_USER_PATHS = NO;
				CLANG_ANALYZER_NONNULL = YES;
				CLANG_ANALYZER_NUMBER_OBJECT_CONVERSION = YES_AGGRESSIVE;
				CLANG_CXX_LANGUAGE_STANDARD = "gnu++20";
				CLANG_ENABLE_MODULES = YES;
				CLANG_ENABLE_OBJC_ARC = YES;
				CLANG_ENABLE_OBJC_WEAK = YES;
				CLANG_WARN_BLOCK_CAPTURE_AUTORELEASING = YES;
				CLANG_WARN_BOOL_CONVERSION = YES;
				CLANG_WARN_COMMA = YES;
				CLANG_WARN_CONSTANT_CONVERSION = YES;
				CLANG_WARN_DEPRECATED_OBJC_IMPLEMENTATIONS = YES;
				CLANG_WARN_DIRECT_OBJC_ISA_USAGE = YES_ERROR;
				CLANG_WARN_DOCUMENTATION_COMMENTS = YES;
				CLANG_WARN_EMPTY_BODY = YES;
				CLANG_WARN_ENUM_CONVERSION = YES;
				CLANG_WARN_INFINITE_RECURSION = YES;
				CLANG_WARN_INT_CONVERSION = YES;
				CLANG_WARN_NON_LITERAL_NULL_CONVERSION = YES;
				CLANG_WARN_OBJC_IMPLICIT_RETAIN_SELF = YES;
				CLANG_WARN_OBJC_LITERAL_CONVERSION = YES;
				CLANG_WARN_OBJC_ROOT_CLASS = YES_ERROR;
				CLANG_WARN_QUOTED_INCLUDE_IN_FRAMEWORK_HEADER = YES;
				CLANG_WARN_RANGE_LOOP_ANALYSIS = YES;
				CLANG_WARN_STRICT_PROTOTYPES = YES;
				CLANG_WARN_SUSPICIOUS_MOVE = YES;
				CLANG_WARN_UNGUARDED_AVAILABILITY = YES_AGGRESSIVE;
				CLANG_WARN_UNREACHABLE_CODE = YES;
				CLANG_WARN__DUPLICATE_METHOD_MATCH = YES;
				COPY_PHASE_STRIP = NO;
				DEBUG_INFORMATION_FORMAT = "dwarf-with-dsym";
				ENABLE_NS_ASSERTIONS = NO;
				ENABLE_STRICT_OBJC_MSGSEND = YES;
				GCC_C_LANGUAGE_STANDARD = gnu11;
				GCC_NO_COMMON_BLOCKS = YES;
				GCC_WARN_64_TO_32_BIT_CONVERSION = YES;
				GCC_WARN_ABOUT_RETURN_TYPE = YES_ERROR;
				GCC_WARN_UNDECLARED_SELECTOR = YES;
				GCC_WARN_UNINITIALIZED_AUTOS = YES_AGGRESSIVE;
				GCC_WARN_UNUSED_FUNCTION = YES;
				GCC_WARN_UNUSED_VARIABLE = YES;
				INFOPLIST_KEY_UIApplicationSceneManifest_Generation = NO;
				IPHONEOS_DEPLOYMENT_TARGET = 16.1;
				MTL_ENABLE_DEBUG_INFO = NO;
				MTL_FAST_MATH = YES;
				NEW_SETTING = "";
				SDKROOT = iphoneos;
				SWIFT_COMPILATION_MODE = wholemodule;
				SWIFT_OPTIMIZATION_LEVEL = "-O";
				VALIDATE_PRODUCT = YES;
			};
			name = Release;
		};
		FAEB6E5C29348A6300E75078 /* Debug */ = {
			isa = XCBuildConfiguration;
			buildSettings = {
				ASSETCATALOG_COMPILER_APPICON_NAME = AppIcon;
				ASSETCATALOG_COMPILER_GLOBAL_ACCENT_COLOR_NAME = AccentColor;
				CODE_SIGN_STYLE = Automatic;
				CURRENT_PROJECT_VERSION = 1;
				DEVELOPMENT_TEAM = 475W7NK2D9;
				GENERATE_INFOPLIST_FILE = YES;
				INFOPLIST_FILE = ViperSfera/Info.plist;
				INFOPLIST_KEY_UIApplicationSupportsIndirectInputEvents = YES;
				INFOPLIST_KEY_UILaunchStoryboardName = LaunchScreen;
				INFOPLIST_KEY_UISupportedInterfaceOrientations_iPad = "UIInterfaceOrientationPortrait UIInterfaceOrientationPortraitUpsideDown UIInterfaceOrientationLandscapeLeft UIInterfaceOrientationLandscapeRight";
				INFOPLIST_KEY_UISupportedInterfaceOrientations_iPhone = "UIInterfaceOrientationPortrait UIInterfaceOrientationLandscapeLeft UIInterfaceOrientationLandscapeRight";
				IPHONEOS_DEPLOYMENT_TARGET = 16.0;
				LD_RUNPATH_SEARCH_PATHS = (
					"$(inherited)",
					"@executable_path/Frameworks",
				);
				MARKETING_VERSION = 1.0;
				PRODUCT_BUNDLE_IDENTIFIER = ViacheslavZaitzev.ViperSfera;
				PRODUCT_NAME = "$(TARGET_NAME)";
				SWIFT_EMIT_LOC_STRINGS = YES;
				SWIFT_VERSION = 5.0;
				TARGETED_DEVICE_FAMILY = "1,2";
			};
			name = Debug;
		};
		FAEB6E5D29348A6300E75078 /* Release */ = {
			isa = XCBuildConfiguration;
			buildSettings = {
				ASSETCATALOG_COMPILER_APPICON_NAME = AppIcon;
				ASSETCATALOG_COMPILER_GLOBAL_ACCENT_COLOR_NAME = AccentColor;
				CODE_SIGN_STYLE = Automatic;
				CURRENT_PROJECT_VERSION = 1;
				DEVELOPMENT_TEAM = 475W7NK2D9;
				GENERATE_INFOPLIST_FILE = YES;
				INFOPLIST_FILE = ViperSfera/Info.plist;
				INFOPLIST_KEY_UIApplicationSupportsIndirectInputEvents = YES;
				INFOPLIST_KEY_UILaunchStoryboardName = LaunchScreen;
				INFOPLIST_KEY_UISupportedInterfaceOrientations_iPad = "UIInterfaceOrientationPortrait UIInterfaceOrientationPortraitUpsideDown UIInterfaceOrientationLandscapeLeft UIInterfaceOrientationLandscapeRight";
				INFOPLIST_KEY_UISupportedInterfaceOrientations_iPhone = "UIInterfaceOrientationPortrait UIInterfaceOrientationLandscapeLeft UIInterfaceOrientationLandscapeRight";
				IPHONEOS_DEPLOYMENT_TARGET = 16.0;
				LD_RUNPATH_SEARCH_PATHS = (
					"$(inherited)",
					"@executable_path/Frameworks",
				);
				MARKETING_VERSION = 1.0;
				PRODUCT_BUNDLE_IDENTIFIER = ViacheslavZaitzev.ViperSfera;
				PRODUCT_NAME = "$(TARGET_NAME)";
				SWIFT_EMIT_LOC_STRINGS = YES;
				SWIFT_VERSION = 5.0;
				TARGETED_DEVICE_FAMILY = "1,2";
			};
			name = Release;
		};
/* End XCBuildConfiguration section */

/* Begin XCConfigurationList section */
		FAEB6E4229348A6100E75078 /* Build configuration list for PBXProject "ViperSfera" */ = {
			isa = XCConfigurationList;
			buildConfigurations = (
				FAEB6E5929348A6300E75078 /* Debug */,
				FAEB6E5A29348A6300E75078 /* Release */,
			);
			defaultConfigurationIsVisible = 0;
			defaultConfigurationName = Release;
		};
		FAEB6E5B29348A6300E75078 /* Build configuration list for PBXNativeTarget "ViperSfera" */ = {
			isa = XCConfigurationList;
			buildConfigurations = (
				FAEB6E5C29348A6300E75078 /* Debug */,
				FAEB6E5D29348A6300E75078 /* Release */,
			);
			defaultConfigurationIsVisible = 0;
			defaultConfigurationName = Release;
		};
/* End XCConfigurationList section */
	};
	rootObject = FAEB6E3F29348A6100E75078 /* Project object */;
}
